// !$*UTF8*$!
{
	archiveVersion = 1;
	classes = {
	};
	objectVersion = 50;
	objects = {

/* Begin PBXBuildFile section */
		120EF046212177D7004EFF6D /* tipIcon@2x.png in Resources */ = {isa = PBXBuildFile; fileRef = 120EF044212177D7004EFF6D /* tipIcon@2x.png */; };
		120EF047212177D7004EFF6D /* tipIcon@3x.png in Resources */ = {isa = PBXBuildFile; fileRef = 120EF045212177D7004EFF6D /* tipIcon@3x.png */; };
		12C9570C211BD94B00CE9434 /* AppDelegate.swift in Sources */ = {isa = PBXBuildFile; fileRef = 12C9570B211BD94B00CE9434 /* AppDelegate.swift */; };
		12C9570E211BD94B00CE9434 /* ViewController.swift in Sources */ = {isa = PBXBuildFile; fileRef = 12C9570D211BD94B00CE9434 /* ViewController.swift */; };
		12C95711211BD94B00CE9434 /* Main.storyboard in Resources */ = {isa = PBXBuildFile; fileRef = 12C9570F211BD94B00CE9434 /* Main.storyboard */; };
		12C95713211BD94D00CE9434 /* Assets.xcassets in Resources */ = {isa = PBXBuildFile; fileRef = 12C95712211BD94D00CE9434 /* Assets.xcassets */; };
		12C95716211BD94D00CE9434 /* LaunchScreen.storyboard in Resources */ = {isa = PBXBuildFile; fileRef = 12C95714211BD94D00CE9434 /* LaunchScreen.storyboard */; };
		12C9571F211BD9A600CE9434 /* SLReminderView.swift in Sources */ = {isa = PBXBuildFile; fileRef = 12C9571E211BD9A600CE9434 /* SLReminderView.swift */; };
		12C95726211BE08C00CE9434 /* SLReminder.swift in Sources */ = {isa = PBXBuildFile; fileRef = 12C95725211BE08C00CE9434 /* SLReminder.swift */; };
		12C95728211C0E5D00CE9434 /* SecondViewController.swift in Sources */ = {isa = PBXBuildFile; fileRef = 12C95727211C0E5D00CE9434 /* SecondViewController.swift */; };
		7BBF29E64057BC473B1A9443 /* Pods_SLReminder.framework in Frameworks */ = {isa = PBXBuildFile; fileRef = 07CA2FD222ECDDADB72401A4 /* Pods_SLReminder.framework */; };
/* End PBXBuildFile section */

/* Begin PBXFileReference section */
		07CA2FD222ECDDADB72401A4 /* Pods_SLReminder.framework */ = {isa = PBXFileReference; explicitFileType = wrapper.framework; includeInIndex = 0; path = Pods_SLReminder.framework; sourceTree = BUILT_PRODUCTS_DIR; };
		120EF044212177D7004EFF6D /* tipIcon@2x.png */ = {isa = PBXFileReference; lastKnownFileType = image.png; path = "tipIcon@2x.png"; sourceTree = "<group>"; };
		120EF045212177D7004EFF6D /* tipIcon@3x.png */ = {isa = PBXFileReference; lastKnownFileType = image.png; path = "tipIcon@3x.png"; sourceTree = "<group>"; };
		12C95708211BD94B00CE9434 /* SLReminder.app */ = {isa = PBXFileReference; explicitFileType = wrapper.application; includeInIndex = 0; path = SLReminder.app; sourceTree = BUILT_PRODUCTS_DIR; };
		12C9570B211BD94B00CE9434 /* AppDelegate.swift */ = {isa = PBXFileReference; lastKnownFileType = sourcecode.swift; path = AppDelegate.swift; sourceTree = "<group>"; };
		12C9570D211BD94B00CE9434 /* ViewController.swift */ = {isa = PBXFileReference; lastKnownFileType = sourcecode.swift; path = ViewController.swift; sourceTree = "<group>"; };
		12C95710211BD94B00CE9434 /* Base */ = {isa = PBXFileReference; lastKnownFileType = file.storyboard; name = Base; path = Base.lproj/Main.storyboard; sourceTree = "<group>"; };
		12C95712211BD94D00CE9434 /* Assets.xcassets */ = {isa = PBXFileReference; lastKnownFileType = folder.assetcatalog; path = Assets.xcassets; sourceTree = "<group>"; };
		12C95715211BD94D00CE9434 /* Base */ = {isa = PBXFileReference; lastKnownFileType = file.storyboard; name = Base; path = Base.lproj/LaunchScreen.storyboard; sourceTree = "<group>"; };
		12C95717211BD94D00CE9434 /* Info.plist */ = {isa = PBXFileReference; lastKnownFileType = text.plist.xml; path = Info.plist; sourceTree = "<group>"; };
		12C9571E211BD9A600CE9434 /* SLReminderView.swift */ = {isa = PBXFileReference; lastKnownFileType = sourcecode.swift; path = SLReminderView.swift; sourceTree = "<group>"; };
		12C95725211BE08C00CE9434 /* SLReminder.swift */ = {isa = PBXFileReference; lastKnownFileType = sourcecode.swift; path = SLReminder.swift; sourceTree = "<group>"; };
		12C95727211C0E5D00CE9434 /* SecondViewController.swift */ = {isa = PBXFileReference; lastKnownFileType = sourcecode.swift; path = SecondViewController.swift; sourceTree = "<group>"; };
		5755B90A25FB291BD2586E86 /* Pods-SLReminder.release.xcconfig */ = {isa = PBXFileReference; includeInIndex = 1; lastKnownFileType = text.xcconfig; name = "Pods-SLReminder.release.xcconfig"; path = "Pods/Target Support Files/Pods-SLReminder/Pods-SLReminder.release.xcconfig"; sourceTree = "<group>"; };
		63FFEDE1A353B9D5A18F2126 /* Pods-SLReminder.debug.xcconfig */ = {isa = PBXFileReference; includeInIndex = 1; lastKnownFileType = text.xcconfig; name = "Pods-SLReminder.debug.xcconfig"; path = "Pods/Target Support Files/Pods-SLReminder/Pods-SLReminder.debug.xcconfig"; sourceTree = "<group>"; };
/* End PBXFileReference section */

/* Begin PBXFrameworksBuildPhase section */
		12C95705211BD94B00CE9434 /* Frameworks */ = {
			isa = PBXFrameworksBuildPhase;
			buildActionMask = 2147483647;
			files = (
				7BBF29E64057BC473B1A9443 /* Pods_SLReminder.framework in Frameworks */,
			);
			runOnlyForDeploymentPostprocessing = 0;
		};
/* End PBXFrameworksBuildPhase section */

/* Begin PBXGroup section */
		12C956FF211BD94B00CE9434 = {
			isa = PBXGroup;
			children = (
				12C9570A211BD94B00CE9434 /* SLReminder */,
				12C95709211BD94B00CE9434 /* Products */,
				3E90E7B6B3E1368BC5706E06 /* Pods */,
				E93621562C9C202E7E61A041 /* Frameworks */,
			);
			sourceTree = "<group>";
		};
		12C95709211BD94B00CE9434 /* Products */ = {
			isa = PBXGroup;
			children = (
				12C95708211BD94B00CE9434 /* SLReminder.app */,
			);
			name = Products;
			sourceTree = "<group>";
		};
		12C9570A211BD94B00CE9434 /* SLReminder */ = {
			isa = PBXGroup;
			children = (
				12C9571D211BD97E00CE9434 /* Reminder */,
				12C9570B211BD94B00CE9434 /* AppDelegate.swift */,
				12C9570D211BD94B00CE9434 /* ViewController.swift */,
				12C95727211C0E5D00CE9434 /* SecondViewController.swift */,
				12C9570F211BD94B00CE9434 /* Main.storyboard */,
				12C95712211BD94D00CE9434 /* Assets.xcassets */,
				12C95714211BD94D00CE9434 /* LaunchScreen.storyboard */,
				12C95717211BD94D00CE9434 /* Info.plist */,
			);
			path = SLReminder;
			sourceTree = "<group>";
		};
		12C9571D211BD97E00CE9434 /* Reminder */ = {
			isa = PBXGroup;
			children = (
				120EF044212177D7004EFF6D /* tipIcon@2x.png */,
				120EF045212177D7004EFF6D /* tipIcon@3x.png */,
				12C9571E211BD9A600CE9434 /* SLReminderView.swift */,
				12C95725211BE08C00CE9434 /* SLReminder.swift */,
			);
			path = Reminder;
			sourceTree = "<group>";
		};
		3E90E7B6B3E1368BC5706E06 /* Pods */ = {
			isa = PBXGroup;
			children = (
				63FFEDE1A353B9D5A18F2126 /* Pods-SLReminder.debug.xcconfig */,
				5755B90A25FB291BD2586E86 /* Pods-SLReminder.release.xcconfig */,
			);
			name = Pods;
			sourceTree = "<group>";
		};
		E93621562C9C202E7E61A041 /* Frameworks */ = {
			isa = PBXGroup;
			children = (
				07CA2FD222ECDDADB72401A4 /* Pods_SLReminder.framework */,
			);
			name = Frameworks;
			sourceTree = "<group>";
		};
/* End PBXGroup section */

/* Begin PBXNativeTarget section */
		12C95707211BD94B00CE9434 /* SLReminder */ = {
			isa = PBXNativeTarget;
			buildConfigurationList = 12C9571A211BD94D00CE9434 /* Build configuration list for PBXNativeTarget "SLReminder" */;
			buildPhases = (
				1BAB27D216C77D943E5D6987 /* [CP] Check Pods Manifest.lock */,
				12C95704211BD94B00CE9434 /* Sources */,
				12C95705211BD94B00CE9434 /* Frameworks */,
				12C95706211BD94B00CE9434 /* Resources */,
				9C48313D2C221D469D891AF2 /* [CP] Embed Pods Frameworks */,
			);
			buildRules = (
			);
			dependencies = (
			);
			name = SLReminder;
			productName = SLReminder;
			productReference = 12C95708211BD94B00CE9434 /* SLReminder.app */;
			productType = "com.apple.product-type.application";
		};
/* End PBXNativeTarget section */

/* Begin PBXProject section */
		12C95700211BD94B00CE9434 /* Project object */ = {
			isa = PBXProject;
			attributes = {
				LastSwiftUpdateCheck = 0940;
				LastUpgradeCheck = 0940;
				ORGANIZATIONNAME = SL;
				TargetAttributes = {
					12C95707211BD94B00CE9434 = {
						CreatedOnToolsVersion = 9.4;
					};
				};
			};
			buildConfigurationList = 12C95703211BD94B00CE9434 /* Build configuration list for PBXProject "SLReminder" */;
			compatibilityVersion = "Xcode 9.3";
			developmentRegion = en;
			hasScannedForEncodings = 0;
			knownRegions = (
				en,
				Base,
			);
			mainGroup = 12C956FF211BD94B00CE9434;
			productRefGroup = 12C95709211BD94B00CE9434 /* Products */;
			projectDirPath = "";
			projectRoot = "";
			targets = (
				12C95707211BD94B00CE9434 /* SLReminder */,
			);
		};
/* End PBXProject section */

/* Begin PBXResourcesBuildPhase section */
		12C95706211BD94B00CE9434 /* Resources */ = {
			isa = PBXResourcesBuildPhase;
			buildActionMask = 2147483647;
			files = (
				12C95716211BD94D00CE9434 /* LaunchScreen.storyboard in Resources */,
				120EF046212177D7004EFF6D /* tipIcon@2x.png in Resources */,
				12C95713211BD94D00CE9434 /* Assets.xcassets in Resources */,
				12C95711211BD94B00CE9434 /* Main.storyboard in Resources */,
				120EF047212177D7004EFF6D /* tipIcon@3x.png in Resources */,
			);
			runOnlyForDeploymentPostprocessing = 0;
		};
/* End PBXResourcesBuildPhase section */

/* Begin PBXShellScriptBuildPhase section */
		1BAB27D216C77D943E5D6987 /* [CP] Check Pods Manifest.lock */ = {
			isa = PBXShellScriptBuildPhase;
			buildActionMask = 2147483647;
			files = (
			);
			inputPaths = (
				"${PODS_PODFILE_DIR_PATH}/Podfile.lock",
				"${PODS_ROOT}/Manifest.lock",
			);
			name = "[CP] Check Pods Manifest.lock";
			outputPaths = (
				"$(DERIVED_FILE_DIR)/Pods-SLReminder-checkManifestLockResult.txt",
			);
			runOnlyForDeploymentPostprocessing = 0;
			shellPath = /bin/sh;
			shellScript = "diff \"${PODS_PODFILE_DIR_PATH}/Podfile.lock\" \"${PODS_ROOT}/Manifest.lock\" > /dev/null\nif [ $? != 0 ] ; then\n    # print error to STDERR\n    echo \"error: The sandbox is not in sync with the Podfile.lock. Run 'pod install' or update your CocoaPods installation.\" >&2\n    exit 1\nfi\n# This output is used by Xcode 'outputs' to avoid re-running this script phase.\necho \"SUCCESS\" > \"${SCRIPT_OUTPUT_FILE_0}\"\n";
			showEnvVarsInLog = 0;
		};
		9C48313D2C221D469D891AF2 /* [CP] Embed Pods Frameworks */ = {
			isa = PBXShellScriptBuildPhase;
			buildActionMask = 2147483647;
			files = (
			);
			inputPaths = (
				"${SRCROOT}/Pods/Target Support Files/Pods-SLReminder/Pods-SLReminder-frameworks.sh",
				"${BUILT_PRODUCTS_DIR}/SnapKit/SnapKit.framework",
				"${BUILT_PRODUCTS_DIR}/Then/Then.framework",
				"${BUILT_PRODUCTS_DIR}/pop/pop.framework",
			);
			name = "[CP] Embed Pods Frameworks";
			outputPaths = (
				"${TARGET_BUILD_DIR}/${FRAMEWORKS_FOLDER_PATH}/SnapKit.framework",
				"${TARGET_BUILD_DIR}/${FRAMEWORKS_FOLDER_PATH}/Then.framework",
				"${TARGET_BUILD_DIR}/${FRAMEWORKS_FOLDER_PATH}/pop.framework",
			);
			runOnlyForDeploymentPostprocessing = 0;
			shellPath = /bin/sh;
			shellScript = "\"${SRCROOT}/Pods/Target Support Files/Pods-SLReminder/Pods-SLReminder-frameworks.sh\"\n";
			showEnvVarsInLog = 0;
		};
/* End PBXShellScriptBuildPhase section */

/* Begin PBXSourcesBuildPhase section */
		12C95704211BD94B00CE9434 /* Sources */ = {
			isa = PBXSourcesBuildPhase;
			buildActionMask = 2147483647;
			files = (
				12C95726211BE08C00CE9434 /* SLReminder.swift in Sources */,
				12C9571F211BD9A600CE9434 /* SLReminderView.swift in Sources */,
				12C9570E211BD94B00CE9434 /* ViewController.swift in Sources */,
				12C95728211C0E5D00CE9434 /* SecondViewController.swift in Sources */,
				12C9570C211BD94B00CE9434 /* AppDelegate.swift in Sources */,
			);
			runOnlyForDeploymentPostprocessing = 0;
		};
/* End PBXSourcesBuildPhase section */

/* Begin PBXVariantGroup section */
		12C9570F211BD94B00CE9434 /* Main.storyboard */ = {
			isa = PBXVariantGroup;
			children = (
				12C95710211BD94B00CE9434 /* Base */,
			);
			name = Main.storyboard;
			sourceTree = "<group>";
		};
		12C95714211BD94D00CE9434 /* LaunchScreen.storyboard */ = {
			isa = PBXVariantGroup;
			children = (
				12C95715211BD94D00CE9434 /* Base */,
			);
			name = LaunchScreen.storyboard;
			sourceTree = "<group>";
		};
/* End PBXVariantGroup section */

/* Begin XCBuildConfiguration section */
		12C95718211BD94D00CE9434 /* Debug */ = {
			isa = XCBuildConfiguration;
			buildSettings = {
				ALWAYS_SEARCH_USER_PATHS = NO;
				CLANG_ANALYZER_NONNULL = YES;
				CLANG_ANALYZER_NUMBER_OBJECT_CONVERSION = YES_AGGRESSIVE;
				CLANG_CXX_LANGUAGE_STANDARD = "gnu++14";
				CLANG_CXX_LIBRARY = "libc++";
				CLANG_ENABLE_MODULES = YES;
				CLANG_ENABLE_OBJC_ARC = YES;
				CLANG_ENABLE_OBJC_WEAK = YES;
				CLANG_WARN_BLOCK_CAPTURE_AUTORELEASING = YES;
				CLANG_WARN_BOOL_CONVERSION = YES;
				CLANG_WARN_COMMA = YES;
				CLANG_WARN_CONSTANT_CONVERSION = YES;
				CLANG_WARN_DEPRECATED_OBJC_IMPLEMENTATIONS = YES;
				CLANG_WARN_DIRECT_OBJC_ISA_USAGE = YES_ERROR;
				CLANG_WARN_DOCUMENTATION_COMMENTS = YES;
				CLANG_WARN_EMPTY_BODY = YES;
				CLANG_WARN_ENUM_CONVERSION = YES;
				CLANG_WARN_INFINITE_RECURSION = YES;
				CLANG_WARN_INT_CONVERSION = YES;
				CLANG_WARN_NON_LITERAL_NULL_CONVERSION = YES;
				CLANG_WARN_OBJC_IMPLICIT_RETAIN_SELF = YES;
				CLANG_WARN_OBJC_LITERAL_CONVERSION = YES;
				CLANG_WARN_OBJC_ROOT_CLASS = YES_ERROR;
				CLANG_WARN_RANGE_LOOP_ANALYSIS = YES;
				CLANG_WARN_STRICT_PROTOTYPES = YES;
				CLANG_WARN_SUSPICIOUS_MOVE = YES;
				CLANG_WARN_UNGUARDED_AVAILABILITY = YES_AGGRESSIVE;
				CLANG_WARN_UNREACHABLE_CODE = YES;
				CLANG_WARN__DUPLICATE_METHOD_MATCH = YES;
				CODE_SIGN_IDENTITY = "iPhone Developer";
				COPY_PHASE_STRIP = NO;
				DEBUG_INFORMATION_FORMAT = dwarf;
				ENABLE_STRICT_OBJC_MSGSEND = YES;
				ENABLE_TESTABILITY = YES;
				GCC_C_LANGUAGE_STANDARD = gnu11;
				GCC_DYNAMIC_NO_PIC = NO;
				GCC_NO_COMMON_BLOCKS = YES;
				GCC_OPTIMIZATION_LEVEL = 0;
				GCC_PREPROCESSOR_DEFINITIONS = (
					"DEBUG=1",
					"$(inherited)",
				);
				GCC_WARN_64_TO_32_BIT_CONVERSION = YES;
				GCC_WARN_ABOUT_RETURN_TYPE = YES_ERROR;
				GCC_WARN_UNDECLARED_SELECTOR = YES;
				GCC_WARN_UNINITIALIZED_AUTOS = YES_AGGRESSIVE;
				GCC_WARN_UNUSED_FUNCTION = YES;
				GCC_WARN_UNUSED_VARIABLE = YES;
				IPHONEOS_DEPLOYMENT_TARGET = 11.4;
				MTL_ENABLE_DEBUG_INFO = YES;
				ONLY_ACTIVE_ARCH = YES;
				SDKROOT = iphoneos;
				SWIFT_ACTIVE_COMPILATION_CONDITIONS = DEBUG;
				SWIFT_OPTIMIZATION_LEVEL = "-Onone";
			};
			name = Debug;
		};
		12C95719211BD94D00CE9434 /* Release */ = {
			isa = XCBuildConfiguration;
			buildSettings = {
				ALWAYS_SEARCH_USER_PATHS = NO;
				CLANG_ANALYZER_NONNULL = YES;
				CLANG_ANALYZER_NUMBER_OBJECT_CONVERSION = YES_AGGRESSIVE;
				CLANG_CXX_LANGUAGE_STANDARD = "gnu++14";
				CLANG_CXX_LIBRARY = "libc++";
				CLANG_ENABLE_MODULES = YES;
				CLANG_ENABLE_OBJC_ARC = YES;
				CLANG_ENABLE_OBJC_WEAK = YES;
				CLANG_WARN_BLOCK_CAPTURE_AUTORELEASING = YES;
				CLANG_WARN_BOOL_CONVERSION = YES;
				CLANG_WARN_COMMA = YES;
				CLANG_WARN_CONSTANT_CONVERSION = YES;
				CLANG_WARN_DEPRECATED_OBJC_IMPLEMENTATIONS = YES;
				CLANG_WARN_DIRECT_OBJC_ISA_USAGE = YES_ERROR;
				CLANG_WARN_DOCUMENTATION_COMMENTS = YES;
				CLANG_WARN_EMPTY_BODY = YES;
				CLANG_WARN_ENUM_CONVERSION = YES;
				CLANG_WARN_INFINITE_RECURSION = YES;
				CLANG_WARN_INT_CONVERSION = YES;
				CLANG_WARN_NON_LITERAL_NULL_CONVERSION = YES;
				CLANG_WARN_OBJC_IMPLICIT_RETAIN_SELF = YES;
				CLANG_WARN_OBJC_LITERAL_CONVERSION = YES;
				CLANG_WARN_OBJC_ROOT_CLASS = YES_ERROR;
				CLANG_WARN_RANGE_LOOP_ANALYSIS = YES;
				CLANG_WARN_STRICT_PROTOTYPES = YES;
				CLANG_WARN_SUSPICIOUS_MOVE = YES;
				CLANG_WARN_UNGUARDED_AVAILABILITY = YES_AGGRESSIVE;
				CLANG_WARN_UNREACHABLE_CODE = YES;
				CLANG_WARN__DUPLICATE_METHOD_MATCH = YES;
				CODE_SIGN_IDENTITY = "iPhone Developer";
				COPY_PHASE_STRIP = NO;
				DEBUG_INFORMATION_FORMAT = "dwarf-with-dsym";
				ENABLE_NS_ASSERTIONS = NO;
				ENABLE_STRICT_OBJC_MSGSEND = YES;
				GCC_C_LANGUAGE_STANDARD = gnu11;
				GCC_NO_COMMON_BLOCKS = YES;
				GCC_WARN_64_TO_32_BIT_CONVERSION = YES;
				GCC_WARN_ABOUT_RETURN_TYPE = YES_ERROR;
				GCC_WARN_UNDECLARED_SELECTOR = YES;
				GCC_WARN_UNINITIALIZED_AUTOS = YES_AGGRESSIVE;
				GCC_WARN_UNUSED_FUNCTION = YES;
				GCC_WARN_UNUSED_VARIABLE = YES;
				IPHONEOS_DEPLOYMENT_TARGET = 11.4;
				MTL_ENABLE_DEBUG_INFO = NO;
				SDKROOT = iphoneos;
				SWIFT_COMPILATION_MODE = wholemodule;
				SWIFT_OPTIMIZATION_LEVEL = "-O";
				VALIDATE_PRODUCT = YES;
			};
			name = Release;
		};
		12C9571B211BD94D00CE9434 /* Debug */ = {
			isa = XCBuildConfiguration;
			baseConfigurationReference = 63FFEDE1A353B9D5A18F2126 /* Pods-SLReminder.debug.xcconfig */;
			buildSettings = {
				ASSETCATALOG_COMPILER_APPICON_NAME = AppIcon;
				CODE_SIGN_STYLE = Automatic;
				DEVELOPMENT_TEAM = QLD65ZTPSF;
				INFOPLIST_FILE = SLReminder/Info.plist;
				IPHONEOS_DEPLOYMENT_TARGET = 9.0;
				LD_RUNPATH_SEARCH_PATHS = (
					"$(inherited)",
					"@executable_path/Frameworks",
				);
				PRODUCT_BUNDLE_IDENTIFIER = com.SL.SLReminder;
				PRODUCT_NAME = "$(TARGET_NAME)";
				SWIFT_VERSION = 4.0;
				TARGETED_DEVICE_FAMILY = 1;
			};
			name = Debug;
		};
		12C9571C211BD94D00CE9434 /* Release */ = {
			isa = XCBuildConfiguration;
			baseConfigurationReference = 5755B90A25FB291BD2586E86 /* Pods-SLReminder.release.xcconfig */;
			buildSettings = {
				ASSETCATALOG_COMPILER_APPICON_NAME = AppIcon;
				CODE_SIGN_STYLE = Automatic;
				DEVELOPMENT_TEAM = QLD65ZTPSF;
				INFOPLIST_FILE = SLReminder/Info.plist;
				IPHONEOS_DEPLOYMENT_TARGET = 9.0;
				LD_RUNPATH_SEARCH_PATHS = (
					"$(inherited)",
					"@executable_path/Frameworks",
				);
				PRODUCT_BUNDLE_IDENTIFIER = com.SL.SLReminder;
				PRODUCT_NAME = "$(TARGET_NAME)";
				SWIFT_VERSION = 4.0;
				TARGETED_DEVICE_FAMILY = 1;
			};
			name = Release;
		};
/* End XCBuildConfiguration section */

/* Begin XCConfigurationList section */
		12C95703211BD94B00CE9434 /* Build configuration list for PBXProject "SLReminder" */ = {
			isa = XCConfigurationList;
			buildConfigurations = (
				12C95718211BD94D00CE9434 /* Debug */,
				12C95719211BD94D00CE9434 /* Release */,
			);
			defaultConfigurationIsVisible = 0;
			defaultConfigurationName = Release;
		};
		12C9571A211BD94D00CE9434 /* Build configuration list for PBXNativeTarget "SLReminder" */ = {
			isa = XCConfigurationList;
			buildConfigurations = (
				12C9571B211BD94D00CE9434 /* Debug */,
				12C9571C211BD94D00CE9434 /* Release */,
			);
			defaultConfigurationIsVisible = 0;
			defaultConfigurationName = Release;
		};
/* End XCConfigurationList section */
	};
	rootObject = 12C95700211BD94B00CE9434 /* Project object */;
}
